
Microsoft Visual Studio Solution File, Format Version 12.00
# Visual Studio Version 17
VisualStudioVersion = 17.10.35004.147
MinimumVisualStudioVersion = 10.0.40219.1
Project("{FAE04EC0-301F-11D3-BF4B-00C04F79EFBC}") = "UnitsNetsIssue", "UnitsNetsIssue\UnitsNetsIssue.csproj", "{869564B0-E187-483D-89B0-650C93B8BE1D}"
EndProject
Project("{2150E333-8FDC-42A3-9474-1A3956D46DE8}") = "Solution Items", "Solution Items", "{D54B6C6F-68E7-42B3-9B07-AD1D40E604C2}"
	ProjectSection(SolutionItems) = preProject
		.gitignore = .gitignore
		Directory.Build.props = Directory.Build.props
		Directory.Build.targets = Directory.Build.targets
		Directory.Packages.props = Directory.Packages.props
		global.json = global.json
	EndProjectSection
EndProject
Global
	GlobalSection(SolutionConfigurationPlatforms) = preSolution
		Debug|Any CPU = Debug|Any CPU
		Release|Any CPU = Release|Any CPU
	EndGlobalSection
	GlobalSection(ProjectConfigurationPlatforms) = postSolution
		{869564B0-E187-483D-89B0-650C93B8BE1D}.Debug|Any CPU.ActiveCfg = Debug|Any CPU
		{869564B0-E187-483D-89B0-650C93B8BE1D}.Debug|Any CPU.Build.0 = Debug|Any CPU
		{869564B0-E187-483D-89B0-650C93B8BE1D}.Debug|Any CPU.Deploy.0 = Debug|Any CPU
		{869564B0-E187-483D-89B0-650C93B8BE1D}.Release|Any CPU.ActiveCfg = Release|Any CPU
		{869564B0-E187-483D-89B0-650C93B8BE1D}.Release|Any CPU.Build.0 = Release|Any CPU
		{869564B0-E187-483D-89B0-650C93B8BE1D}.Release|Any CPU.Deploy.0 = Release|Any CPU
	EndGlobalSection
	GlobalSection(SolutionProperties) = preSolution
		HideSolutionNode = FALSE
	EndGlobalSection
	GlobalSection(ExtensibilityGlobals) = postSolution
		SolutionGuid = {4C73478E-FBF5-470B-B7E0-A17BC94AA35E}
	EndGlobalSection
EndGlobal
